// !$*UTF8*$!
{
	archiveVersion = 1;
	classes = {
	};
	objectVersion = 48;
	objects = {

/* Begin PBXBuildFile section */
		D319E2331FA040B3001EFF1F /* AppDelegate.swift in Sources */ = {isa = PBXBuildFile; fileRef = D319E2321FA040B3001EFF1F /* AppDelegate.swift */; };
		D319E2351FA040B3001EFF1F /* ViewController.swift in Sources */ = {isa = PBXBuildFile; fileRef = D319E2341FA040B3001EFF1F /* ViewController.swift */; };
		D319E2381FA040B3001EFF1F /* Main.storyboard in Resources */ = {isa = PBXBuildFile; fileRef = D319E2361FA040B3001EFF1F /* Main.storyboard */; };
		D319E23A1FA040B3001EFF1F /* Assets.xcassets in Resources */ = {isa = PBXBuildFile; fileRef = D319E2391FA040B3001EFF1F /* Assets.xcassets */; };
		D319E23D1FA040B3001EFF1F /* LaunchScreen.storyboard in Resources */ = {isa = PBXBuildFile; fileRef = D319E23B1FA040B3001EFF1F /* LaunchScreen.storyboard */; };
		D3FAC6D01FA1AEF60078478B /* LightSocket.swift in Sources */ = {isa = PBXBuildFile; fileRef = D3FAC6CF1FA1AEF60078478B /* LightSocket.swift */; };
/* End PBXBuildFile section */

/* Begin PBXFileReference section */
		D319E22F1FA040B3001EFF1F /* ImageRecorder.app */ = {isa = PBXFileReference; explicitFileType = wrapper.application; includeInIndex = 0; path = ImageRecorder.app; sourceTree = BUILT_PRODUCTS_DIR; };
		D319E2321FA040B3001EFF1F /* AppDelegate.swift */ = {isa = PBXFileReference; lastKnownFileType = sourcecode.swift; path = AppDelegate.swift; sourceTree = "<group>"; };
		D319E2341FA040B3001EFF1F /* ViewController.swift */ = {isa = PBXFileReference; lastKnownFileType = sourcecode.swift; path = ViewController.swift; sourceTree = "<group>"; };
		D319E2371FA040B3001EFF1F /* Base */ = {isa = PBXFileReference; lastKnownFileType = file.storyboard; name = Base; path = Base.lproj/Main.storyboard; sourceTree = "<group>"; };
		D319E2391FA040B3001EFF1F /* Assets.xcassets */ = {isa = PBXFileReference; lastKnownFileType = folder.assetcatalog; path = Assets.xcassets; sourceTree = "<group>"; };
		D319E23C1FA040B3001EFF1F /* Base */ = {isa = PBXFileReference; lastKnownFileType = file.storyboard; name = Base; path = Base.lproj/LaunchScreen.storyboard; sourceTree = "<group>"; };
		D319E23E1FA040B3001EFF1F /* Info.plist */ = {isa = PBXFileReference; lastKnownFileType = text.plist.xml; path = Info.plist; sourceTree = "<group>"; };
		D3FAC6CF1FA1AEF60078478B /* LightSocket.swift */ = {isa = PBXFileReference; fileEncoding = 4; lastKnownFileType = sourcecode.swift; path = LightSocket.swift; sourceTree = SOURCE_ROOT; };
/* End PBXFileReference section */

/* Begin PBXFrameworksBuildPhase section */
		D319E22C1FA040B3001EFF1F /* Frameworks */ = {
			isa = PBXFrameworksBuildPhase;
			buildActionMask = 2147483647;
			files = (
			);
			runOnlyForDeploymentPostprocessing = 0;
		};
/* End PBXFrameworksBuildPhase section */

/* Begin PBXGroup section */
		D319E2261FA040B2001EFF1F = {
			isa = PBXGroup;
			children = (
				D319E2311FA040B3001EFF1F /* ImageRecorder */,
				D319E2301FA040B3001EFF1F /* Products */,
			);
			sourceTree = "<group>";
		};
		D319E2301FA040B3001EFF1F /* Products */ = {
			isa = PBXGroup;
			children = (
				D319E22F1FA040B3001EFF1F /* ImageRecorder.app */,
			);
			name = Products;
			sourceTree = "<group>";
		};
		D319E2311FA040B3001EFF1F /* ImageRecorder */ = {
			isa = PBXGroup;
			children = (
				D319E2321FA040B3001EFF1F /* AppDelegate.swift */,
				D319E2341FA040B3001EFF1F /* ViewController.swift */,
				D3FAC6CF1FA1AEF60078478B /* LightSocket.swift */,
				D319E2361FA040B3001EFF1F /* Main.storyboard */,
				D319E2391FA040B3001EFF1F /* Assets.xcassets */,
				D319E23B1FA040B3001EFF1F /* LaunchScreen.storyboard */,
				D319E23E1FA040B3001EFF1F /* Info.plist */,
			);
			path = ImageRecorder;
			sourceTree = "<group>";
		};
/* End PBXGroup section */

/* Begin PBXNativeTarget section */
		D319E22E1FA040B3001EFF1F /* ImageRecorder */ = {
			isa = PBXNativeTarget;
			buildConfigurationList = D319E2411FA040B3001EFF1F /* Build configuration list for PBXNativeTarget "ImageRecorder" */;
			buildPhases = (
				D319E22B1FA040B3001EFF1F /* Sources */,
				D319E22C1FA040B3001EFF1F /* Frameworks */,
				D319E22D1FA040B3001EFF1F /* Resources */,
			);
			buildRules = (
			);
			dependencies = (
			);
			name = ImageRecorder;
			productName = LightMapper;
			productReference = D319E22F1FA040B3001EFF1F /* ImageRecorder.app */;
			productType = "com.apple.product-type.application";
		};
/* End PBXNativeTarget section */

/* Begin PBXProject section */
		D319E2271FA040B2001EFF1F /* Project object */ = {
			isa = PBXProject;
			attributes = {
				LastSwiftUpdateCheck = 0910;
				LastUpgradeCheck = 0910;
				ORGANIZATIONNAME = Rantlab;
				TargetAttributes = {
					D319E22E1FA040B3001EFF1F = {
						CreatedOnToolsVersion = 9.1;
						LastSwiftMigration = 0910;
						ProvisioningStyle = Automatic;
					};
				};
			};
			buildConfigurationList = D319E22A1FA040B2001EFF1F /* Build configuration list for PBXProject "ImageRecorder" */;
			compatibilityVersion = "Xcode 8.0";
			developmentRegion = en;
			hasScannedForEncodings = 0;
			knownRegions = (
				en,
				Base,
			);
			mainGroup = D319E2261FA040B2001EFF1F;
			productRefGroup = D319E2301FA040B3001EFF1F /* Products */;
			projectDirPath = "";
			projectRoot = "";
			targets = (
				D319E22E1FA040B3001EFF1F /* ImageRecorder */,
			);
		};
/* End PBXProject section */

/* Begin PBXResourcesBuildPhase section */
		D319E22D1FA040B3001EFF1F /* Resources */ = {
			isa = PBXResourcesBuildPhase;
			buildActionMask = 2147483647;
			files = (
				D319E23D1FA040B3001EFF1F /* LaunchScreen.storyboard in Resources */,
				D319E23A1FA040B3001EFF1F /* Assets.xcassets in Resources */,
				D319E2381FA040B3001EFF1F /* Main.storyboard in Resources */,
			);
			runOnlyForDeploymentPostprocessing = 0;
		};
/* End PBXResourcesBuildPhase section */

/* Begin PBXSourcesBuildPhase section */
		D319E22B1FA040B3001EFF1F /* Sources */ = {
			isa = PBXSourcesBuildPhase;
			buildActionMask = 2147483647;
			files = (
				D319E2351FA040B3001EFF1F /* ViewController.swift in Sources */,
				D319E2331FA040B3001EFF1F /* AppDelegate.swift in Sources */,
				D3FAC6D01FA1AEF60078478B /* LightSocket.swift in Sources */,
			);
			runOnlyForDeploymentPostprocessing = 0;
		};
/* End PBXSourcesBuildPhase section */

/* Begin PBXVariantGroup section */
		D319E2361FA040B3001EFF1F /* Main.storyboard */ = {
			isa = PBXVariantGroup;
			children = (
				D319E2371FA040B3001EFF1F /* Base */,
			);
			name = Main.storyboard;
			sourceTree = "<group>";
		};
		D319E23B1FA040B3001EFF1F /* LaunchScreen.storyboard */ = {
			isa = PBXVariantGroup;
			children = (
				D319E23C1FA040B3001EFF1F /* Base */,
			);
			name = LaunchScreen.storyboard;
			sourceTree = "<group>";
		};
/* End PBXVariantGroup section */

/* Begin XCBuildConfiguration section */
		D319E23F1FA040B3001EFF1F /* Debug */ = {
			isa = XCBuildConfiguration;
			buildSettings = {
				ALWAYS_SEARCH_USER_PATHS = NO;
				CLANG_ANALYZER_NONNULL = YES;
				CLANG_ANALYZER_NUMBER_OBJECT_CONVERSION = YES_AGGRESSIVE;
				CLANG_CXX_LANGUAGE_STANDARD = "gnu++14";
				CLANG_CXX_LIBRARY = "libc++";
				CLANG_ENABLE_MODULES = YES;
				CLANG_ENABLE_OBJC_ARC = YES;
				CLANG_WARN_BLOCK_CAPTURE_AUTORELEASING = YES;
				CLANG_WARN_BOOL_CONVERSION = YES;
				CLANG_WARN_COMMA = YES;
				CLANG_WARN_CONSTANT_CONVERSION = YES;
				CLANG_WARN_DIRECT_OBJC_ISA_USAGE = YES_ERROR;
				CLANG_WARN_DOCUMENTATION_COMMENTS = YES;
				CLANG_WARN_EMPTY_BODY = YES;
				CLANG_WARN_ENUM_CONVERSION = YES;
				CLANG_WARN_INFINITE_RECURSION = YES;
				CLANG_WARN_INT_CONVERSION = YES;
				CLANG_WARN_NON_LITERAL_NULL_CONVERSION = YES;
				CLANG_WARN_OBJC_LITERAL_CONVERSION = YES;
				CLANG_WARN_OBJC_ROOT_CLASS = YES_ERROR;
				CLANG_WARN_RANGE_LOOP_ANALYSIS = YES;
				CLANG_WARN_STRICT_PROTOTYPES = YES;
				CLANG_WARN_SUSPICIOUS_MOVE = YES;
				CLANG_WARN_UNGUARDED_AVAILABILITY = YES_AGGRESSIVE;
				CLANG_WARN_UNREACHABLE_CODE = YES;
				CLANG_WARN__DUPLICATE_METHOD_MATCH = YES;
				CODE_SIGN_IDENTITY = "iPhone Developer";
				COPY_PHASE_STRIP = NO;
				DEBUG_INFORMATION_FORMAT = dwarf;
				ENABLE_STRICT_OBJC_MSGSEND = YES;
				ENABLE_TESTABILITY = YES;
				GCC_C_LANGUAGE_STANDARD = gnu11;
				GCC_DYNAMIC_NO_PIC = NO;
				GCC_NO_COMMON_BLOCKS = YES;
				GCC_OPTIMIZATION_LEVEL = 0;
				GCC_PREPROCESSOR_DEFINITIONS = (
					"DEBUG=1",
					"$(inherited)",
				);
				GCC_WARN_64_TO_32_BIT_CONVERSION = YES;
				GCC_WARN_ABOUT_RETURN_TYPE = YES_ERROR;
				GCC_WARN_UNDECLARED_SELECTOR = YES;
				GCC_WARN_UNINITIALIZED_AUTOS = YES_AGGRESSIVE;
				GCC_WARN_UNUSED_FUNCTION = YES;
				GCC_WARN_UNUSED_VARIABLE = YES;
				IPHONEOS_DEPLOYMENT_TARGET = 11.1;
				MTL_ENABLE_DEBUG_INFO = YES;
				ONLY_ACTIVE_ARCH = YES;
				SDKROOT = iphoneos;
				SWIFT_ACTIVE_COMPILATION_CONDITIONS = DEBUG;
				SWIFT_OPTIMIZATION_LEVEL = "-Onone";
			};
			name = Debug;
		};
		D319E2401FA040B3001EFF1F /* Release */ = {
			isa = XCBuildConfiguration;
			buildSettings = {
				ALWAYS_SEARCH_USER_PATHS = NO;
				CLANG_ANALYZER_NONNULL = YES;
				CLANG_ANALYZER_NUMBER_OBJECT_CONVERSION = YES_AGGRESSIVE;
				CLANG_CXX_LANGUAGE_STANDARD = "gnu++14";
				CLANG_CXX_LIBRARY = "libc++";
				CLANG_ENABLE_MODULES = YES;
				CLANG_ENABLE_OBJC_ARC = YES;
				CLANG_WARN_BLOCK_CAPTURE_AUTORELEASING = YES;
				CLANG_WARN_BOOL_CONVERSION = YES;
				CLANG_WARN_COMMA = YES;
				CLANG_WARN_CONSTANT_CONVERSION = YES;
				CLANG_WARN_DIRECT_OBJC_ISA_USAGE = YES_ERROR;
				CLANG_WARN_DOCUMENTATION_COMMENTS = YES;
				CLANG_WARN_EMPTY_BODY = YES;
				CLANG_WARN_ENUM_CONVERSION = YES;
				CLANG_WARN_INFINITE_RECURSION = YES;
				CLANG_WARN_INT_CONVERSION = YES;
				CLANG_WARN_NON_LITERAL_NULL_CONVERSION = YES;
				CLANG_WARN_OBJC_LITERAL_CONVERSION = YES;
				CLANG_WARN_OBJC_ROOT_CLASS = YES_ERROR;
				CLANG_WARN_RANGE_LOOP_ANALYSIS = YES;
				CLANG_WARN_STRICT_PROTOTYPES = YES;
				CLANG_WARN_SUSPICIOUS_MOVE = YES;
				CLANG_WARN_UNGUARDED_AVAILABILITY = YES_AGGRESSIVE;
				CLANG_WARN_UNREACHABLE_CODE = YES;
				CLANG_WARN__DUPLICATE_METHOD_MATCH = YES;
				CODE_SIGN_IDENTITY = "iPhone Developer";
				COPY_PHASE_STRIP = NO;
				DEBUG_INFORMATION_FORMAT = "dwarf-with-dsym";
				ENABLE_NS_ASSERTIONS = NO;
				ENABLE_STRICT_OBJC_MSGSEND = YES;
				GCC_C_LANGUAGE_STANDARD = gnu11;
				GCC_NO_COMMON_BLOCKS = YES;
				GCC_WARN_64_TO_32_BIT_CONVERSION = YES;
				GCC_WARN_ABOUT_RETURN_TYPE = YES_ERROR;
				GCC_WARN_UNDECLARED_SELECTOR = YES;
				GCC_WARN_UNINITIALIZED_AUTOS = YES_AGGRESSIVE;
				GCC_WARN_UNUSED_FUNCTION = YES;
				GCC_WARN_UNUSED_VARIABLE = YES;
				IPHONEOS_DEPLOYMENT_TARGET = 11.1;
				MTL_ENABLE_DEBUG_INFO = NO;
				SDKROOT = iphoneos;
				SWIFT_OPTIMIZATION_LEVEL = "-Owholemodule";
				VALIDATE_PRODUCT = YES;
			};
			name = Release;
		};
		D319E2421FA040B3001EFF1F /* Debug */ = {
			isa = XCBuildConfiguration;
			buildSettings = {
				ASSETCATALOG_COMPILER_APPICON_NAME = AppIcon;
				CLANG_ENABLE_MODULES = YES;
				CODE_SIGN_STYLE = Automatic;
				DEVELOPMENT_TEAM = RC5U34988J;
				INFOPLIST_FILE = ImageRecorder/Info.plist;
				IPHONEOS_DEPLOYMENT_TARGET = 11.0;
				LD_RUNPATH_SEARCH_PATHS = "$(inherited) @executable_path/Frameworks";
				PRODUCT_BUNDLE_IDENTIFIER = com.rantlab.LightMapper;
				PRODUCT_NAME = "$(TARGET_NAME)";
				SWIFT_OPTIMIZATION_LEVEL = "-Onone";
				SWIFT_VERSION = 4.0;
				TARGETED_DEVICE_FAMILY = "1,2";
			};
			name = Debug;
		};
		D319E2431FA040B3001EFF1F /* Release */ = {
			isa = XCBuildConfiguration;
			buildSettings = {
				ASSETCATALOG_COMPILER_APPICON_NAME = AppIcon;
				CLANG_ENABLE_MODULES = YES;
				CODE_SIGN_STYLE = Automatic;
				DEVELOPMENT_TEAM = RC5U34988J;
				INFOPLIST_FILE = ImageRecorder/Info.plist;
				IPHONEOS_DEPLOYMENT_TARGET = 11.0;
				LD_RUNPATH_SEARCH_PATHS = "$(inherited) @executable_path/Frameworks";
				PRODUCT_BUNDLE_IDENTIFIER = com.rantlab.LightMapper;
				PRODUCT_NAME = "$(TARGET_NAME)";
				SWIFT_VERSION = 4.0;
				TARGETED_DEVICE_FAMILY = "1,2";
			};
			name = Release;
		};
/* End XCBuildConfiguration section */

/* Begin XCConfigurationList section */
		D319E22A1FA040B2001EFF1F /* Build configuration list for PBXProject "ImageRecorder" */ = {
			isa = XCConfigurationList;
			buildConfigurations = (
				D319E23F1FA040B3001EFF1F /* Debug */,
				D319E2401FA040B3001EFF1F /* Release */,
			);
			defaultConfigurationIsVisible = 0;
			defaultConfigurationName = Release;
		};
		D319E2411FA040B3001EFF1F /* Build configuration list for PBXNativeTarget "ImageRecorder" */ = {
			isa = XCConfigurationList;
			buildConfigurations = (
				D319E2421FA040B3001EFF1F /* Debug */,
				D319E2431FA040B3001EFF1F /* Release */,
			);
			defaultConfigurationIsVisible = 0;
			defaultConfigurationName = Release;
		};
/* End XCConfigurationList section */
	};
	rootObject = D319E2271FA040B2001EFF1F /* Project object */;
}
